
Microsoft Visual Studio Solution File, Format Version 12.00
# Visual Studio Version 17
VisualStudioVersion = 17.9.34622.214
MinimumVisualStudioVersion = 10.0.40219.1
Project("{9A19103F-16F7-4668-BE54-9A1E7A4F7556}") = "GayathrisDeliciousPie", "GayathrisDeliciousPie\GayathrisDeliciousPie.csproj", "{333040B6-3835-412D-A6E7-A90893C11B01}"
EndProject
Project("{FAE04EC0-301F-11D3-BF4B-00C04F79EFBC}") = "GayathrisDeliciousPieTests", "GayathrisDeliciousPieTests\GayathrisDeliciousPieTests.csproj", "{510A871C-B52C-487F-8615-2FA2BEA4DF71}"
EndProject
Global
	GlobalSection(SolutionConfigurationPlatforms) = preSolution
		Debug|Any CPU = Debug|Any CPU
		Release|Any CPU = Release|Any CPU
	EndGlobalSection
	GlobalSection(ProjectConfigurationPlatforms) = postSolution
		{333040B6-3835-412D-A6E7-A90893C11B01}.Debug|Any CPU.ActiveCfg = Debug|Any CPU
		{333040B6-3835-412D-A6E7-A90893C11B01}.Debug|Any CPU.Build.0 = Debug|Any CPU
		{333040B6-3835-412D-A6E7-A90893C11B01}.Release|Any CPU.ActiveCfg = Release|Any CPU
		{333040B6-3835-412D-A6E7-A90893C11B01}.Release|Any CPU.Build.0 = Release|Any CPU
		{510A871C-B52C-487F-8615-2FA2BEA4DF71}.Debug|Any CPU.ActiveCfg = Debug|Any CPU
		{510A871C-B52C-487F-8615-2FA2BEA4DF71}.Debug|Any CPU.Build.0 = Debug|Any CPU
		{510A871C-B52C-487F-8615-2FA2BEA4DF71}.Release|Any CPU.ActiveCfg = Release|Any CPU
		{510A871C-B52C-487F-8615-2FA2BEA4DF71}.Release|Any CPU.Build.0 = Release|Any CPU
	EndGlobalSection
	GlobalSection(SolutionProperties) = preSolution
		HideSolutionNode = FALSE
	EndGlobalSection
	GlobalSection(ExtensibilityGlobals) = postSolution
		SolutionGuid = {13DA3A0C-19A9-44B9-828D-45D81A361388}
	EndGlobalSection
EndGlobal
